
Microsoft Visual Studio Solution File, Format Version 12.00
# Visual Studio Version 17
VisualStudioVersion = 17.0.32112.339
MinimumVisualStudioVersion = 10.0.40219.1
Project("{FAE04EC0-301F-11D3-BF4B-00C04F79EFBC}") = "DataStructures", "DataStructures.csproj", "{566766B9-1078-4A3D-B020-1379E8FF35D8}"
EndProject
Global
	GlobalSection(SolutionConfigurationPlatforms) = preSolution
		Debug|Any CPU = Debug|Any CPU
		Release|Any CPU = Release|Any CPU
	EndGlobalSection
	GlobalSection(ProjectConfigurationPlatforms) = postSolution
		{566766B9-1078-4A3D-B020-1379E8FF35D8}.Debug|Any CPU.ActiveCfg = Debug|Any CPU
		{566766B9-1078-4A3D-B020-1379E8FF35D8}.Debug|Any CPU.Build.0 = Debug|Any CPU
		{566766B9-1078-4A3D-B020-1379E8FF35D8}.Release|Any CPU.ActiveCfg = Release|Any CPU
		{566766B9-1078-4A3D-B020-1379E8FF35D8}.Release|Any CPU.Build.0 = Release|Any CPU
	EndGlobalSection
	GlobalSection(SolutionProperties) = preSolution
		HideSolutionNode = FALSE
	EndGlobalSection
	GlobalSection(ExtensibilityGlobals) = postSolution
		SolutionGuid = {5A277918-0158-4160-B8EF-4C6BA50BE752}
	EndGlobalSection
EndGlobal
